{
  "requires": true,
  "lockfileVersion": 1,
  "dependencies": {
    "@claviska/jquery-minicolors": {
      "version": "2.3.4",
      "resolved": "https://registry.npmjs.org/@claviska/jquery-minicolors/-/jquery-minicolors-2.3.4.tgz",
      "integrity": "sha512-YSa2enAGxtPNGqI86a49XY3BO+dkEaX0XA6dBpk2+OG60zwNdDmbsoiaQ39dS48jdIEmNTYigw3Kt1YiWc1Q3A=="
    }
  }
}
